PODS:
  - Alamofire (4.9.1)
  - Kingfisher (6.2.1)

DEPENDENCIES:
  - Alamofire (~> 4.6)
  - Kingfisher

SPEC REPOS:
  trunk:
    - Alamofire
    - Kingfisher

SPEC CHECKSUMS:
  Alamofire: 85e8a02c69d6020a0d734f6054870d7ecb75cf18
  Kingfisher: e71c6fac2aebb1262888cabc2cb13d313362a48f

PODFILE CHECKSUM: d028778460784eaf476d601e98689ad39f49f645

COCOAPODS: 1.10.0
